// !$*UTF8*$!
{
	archiveVersion = 1;
	classes = {
	};
	objectVersion = 46;
	objects = {

/* Begin PBXBuildFile section */
		D8B8926B1E8402B90097709C /* PSView.swift in Sources */ = {isa = PBXBuildFile; fileRef = D8B8926A1E8402B90097709C /* PSView.swift */; };
		D8B8926F1E8403200097709C /* CountryInfoTableViewCell.swift in Sources */ = {isa = PBXBuildFile; fileRef = D8B8926D1E8403200097709C /* CountryInfoTableViewCell.swift */; };
		D8B892701E8403200097709C /* CountryInfoTableViewCell.xib in Resources */ = {isa = PBXBuildFile; fileRef = D8B8926E1E8403200097709C /* CountryInfoTableViewCell.xib */; };
		D8B892761E8403AD0097709C /* ViewController.swift in Sources */ = {isa = PBXBuildFile; fileRef = D8B892751E8403AD0097709C /* ViewController.swift */; };
		D8B892781E8403BD0097709C /* Country.swift in Sources */ = {isa = PBXBuildFile; fileRef = D8B892771E8403BD0097709C /* Country.swift */; };
		D8B8927A1E8404360097709C /* RequestManager.swift in Sources */ = {isa = PBXBuildFile; fileRef = D8B892791E8404360097709C /* RequestManager.swift */; };
		D8EDE2321E84002200FA02B9 /* AppDelegate.swift in Sources */ = {isa = PBXBuildFile; fileRef = D8EDE2311E84002200FA02B9 /* AppDelegate.swift */; };
		D8EDE2371E84002200FA02B9 /* Main.storyboard in Resources */ = {isa = PBXBuildFile; fileRef = D8EDE2351E84002200FA02B9 /* Main.storyboard */; };
		D8EDE23A1E84002200FA02B9 /* PSTakeCareDemo.xcdatamodeld in Sources */ = {isa = PBXBuildFile; fileRef = D8EDE2381E84002200FA02B9 /* PSTakeCareDemo.xcdatamodeld */; };
		D8EDE23C1E84002200FA02B9 /* Assets.xcassets in Resources */ = {isa = PBXBuildFile; fileRef = D8EDE23B1E84002200FA02B9 /* Assets.xcassets */; };
		D8EDE23F1E84002200FA02B9 /* LaunchScreen.storyboard in Resources */ = {isa = PBXBuildFile; fileRef = D8EDE23D1E84002200FA02B9 /* LaunchScreen.storyboard */; };
/* End PBXBuildFile section */

/* Begin PBXFileReference section */
		D8B8926A1E8402B90097709C /* PSView.swift */ = {isa = PBXFileReference; fileEncoding = 4; lastKnownFileType = sourcecode.swift; path = PSView.swift; sourceTree = "<group>"; };
		D8B8926D1E8403200097709C /* CountryInfoTableViewCell.swift */ = {isa = PBXFileReference; fileEncoding = 4; lastKnownFileType = sourcecode.swift; path = CountryInfoTableViewCell.swift; sourceTree = "<group>"; };
		D8B8926E1E8403200097709C /* CountryInfoTableViewCell.xib */ = {isa = PBXFileReference; fileEncoding = 4; lastKnownFileType = file.xib; path = CountryInfoTableViewCell.xib; sourceTree = "<group>"; };
		D8B892751E8403AD0097709C /* ViewController.swift */ = {isa = PBXFileReference; fileEncoding = 4; lastKnownFileType = sourcecode.swift; path = ViewController.swift; sourceTree = "<group>"; };
		D8B892771E8403BD0097709C /* Country.swift */ = {isa = PBXFileReference; fileEncoding = 4; lastKnownFileType = sourcecode.swift; path = Country.swift; sourceTree = "<group>"; };
		D8B892791E8404360097709C /* RequestManager.swift */ = {isa = PBXFileReference; fileEncoding = 4; lastKnownFileType = sourcecode.swift; path = RequestManager.swift; sourceTree = "<group>"; };
		D8EDE22E1E84002200FA02B9 /* PSTakeCareDemo.app */ = {isa = PBXFileReference; explicitFileType = wrapper.application; includeInIndex = 0; path = PSTakeCareDemo.app; sourceTree = BUILT_PRODUCTS_DIR; };
		D8EDE2311E84002200FA02B9 /* AppDelegate.swift */ = {isa = PBXFileReference; lastKnownFileType = sourcecode.swift; path = AppDelegate.swift; sourceTree = "<group>"; };
		D8EDE2361E84002200FA02B9 /* Base */ = {isa = PBXFileReference; lastKnownFileType = file.storyboard; name = Base; path = Base.lproj/Main.storyboard; sourceTree = "<group>"; };
		D8EDE2391E84002200FA02B9 /* PSTakeCareDemo.xcdatamodel */ = {isa = PBXFileReference; lastKnownFileType = wrapper.xcdatamodel; path = PSTakeCareDemo.xcdatamodel; sourceTree = "<group>"; };
		D8EDE23B1E84002200FA02B9 /* Assets.xcassets */ = {isa = PBXFileReference; lastKnownFileType = folder.assetcatalog; path = Assets.xcassets; sourceTree = "<group>"; };
		D8EDE23E1E84002200FA02B9 /* Base */ = {isa = PBXFileReference; lastKnownFileType = file.storyboard; name = Base; path = Base.lproj/LaunchScreen.storyboard; sourceTree = "<group>"; };
		D8EDE2401E84002200FA02B9 /* Info.plist */ = {isa = PBXFileReference; lastKnownFileType = text.plist.xml; path = Info.plist; sourceTree = "<group>"; };
/* End PBXFileReference section */

/* Begin PBXFrameworksBuildPhase section */
		D8EDE22B1E84002200FA02B9 /* Frameworks */ = {
			isa = PBXFrameworksBuildPhase;
			buildActionMask = 2147483647;
			files = (
			);
			runOnlyForDeploymentPostprocessing = 0;
		};
/* End PBXFrameworksBuildPhase section */

/* Begin PBXGroup section */
		D8B892691E8402AC0097709C /* Extension */ = {
			isa = PBXGroup;
			children = (
				D8B8926A1E8402B90097709C /* PSView.swift */,
			);
			name = Extension;
			sourceTree = "<group>";
		};
		D8B8926C1E8402DD0097709C /* DisplayView */ = {
			isa = PBXGroup;
			children = (
				D8B8926D1E8403200097709C /* CountryInfoTableViewCell.swift */,
				D8B8926E1E8403200097709C /* CountryInfoTableViewCell.xib */,
			);
			name = DisplayView;
			sourceTree = "<group>";
		};
		D8B892711E8403330097709C /* Controller */ = {
			isa = PBXGroup;
			children = (
				D8B892751E8403AD0097709C /* ViewController.swift */,
			);
			name = Controller;
			sourceTree = "<group>";
		};
		D8B892721E84033E0097709C /* Model */ = {
			isa = PBXGroup;
			children = (
				D8B892771E8403BD0097709C /* Country.swift */,
			);
			name = Model;
			sourceTree = "<group>";
		};
		D8EDE2251E84002100FA02B9 = {
			isa = PBXGroup;
			children = (
				D8EDE2301E84002200FA02B9 /* PSTakeCareDemo */,
				D8EDE22F1E84002200FA02B9 /* Products */,
			);
			sourceTree = "<group>";
		};
		D8EDE22F1E84002200FA02B9 /* Products */ = {
			isa = PBXGroup;
			children = (
				D8EDE22E1E84002200FA02B9 /* PSTakeCareDemo.app */,
			);
			name = Products;
			sourceTree = "<group>";
		};
		D8EDE2301E84002200FA02B9 /* PSTakeCareDemo */ = {
			isa = PBXGroup;
			children = (
				D8B892791E8404360097709C /* RequestManager.swift */,
				D8B892721E84033E0097709C /* Model */,
				D8B892711E8403330097709C /* Controller */,
				D8B8926C1E8402DD0097709C /* DisplayView */,
				D8B892691E8402AC0097709C /* Extension */,
				D8EDE2311E84002200FA02B9 /* AppDelegate.swift */,
				D8EDE2351E84002200FA02B9 /* Main.storyboard */,
				D8EDE23B1E84002200FA02B9 /* Assets.xcassets */,
				D8EDE23D1E84002200FA02B9 /* LaunchScreen.storyboard */,
				D8EDE2401E84002200FA02B9 /* Info.plist */,
				D8EDE2381E84002200FA02B9 /* PSTakeCareDemo.xcdatamodeld */,
			);
			path = PSTakeCareDemo;
			sourceTree = "<group>";
		};
/* End PBXGroup section */

/* Begin PBXNativeTarget section */
		D8EDE22D1E84002200FA02B9 /* PSTakeCareDemo */ = {
			isa = PBXNativeTarget;
			buildConfigurationList = D8EDE2431E84002200FA02B9 /* Build configuration list for PBXNativeTarget "PSTakeCareDemo" */;
			buildPhases = (
				D8EDE22A1E84002200FA02B9 /* Sources */,
				D8EDE22B1E84002200FA02B9 /* Frameworks */,
				D8EDE22C1E84002200FA02B9 /* Resources */,
			);
			buildRules = (
			);
			dependencies = (
			);
			name = PSTakeCareDemo;
			productName = PSTakeCareDemo;
			productReference = D8EDE22E1E84002200FA02B9 /* PSTakeCareDemo.app */;
			productType = "com.apple.product-type.application";
		};
/* End PBXNativeTarget section */

/* Begin PBXProject section */
		D8EDE2261E84002100FA02B9 /* Project object */ = {
			isa = PBXProject;
			attributes = {
				LastSwiftUpdateCheck = 0730;
				LastUpgradeCheck = 0730;
				ORGANIZATIONNAME = PSTakeCare;
				TargetAttributes = {
					D8EDE22D1E84002200FA02B9 = {
						CreatedOnToolsVersion = 7.3.1;
					};
				};
			};
			buildConfigurationList = D8EDE2291E84002100FA02B9 /* Build configuration list for PBXProject "PSTakeCareDemo" */;
			compatibilityVersion = "Xcode 3.2";
			developmentRegion = English;
			hasScannedForEncodings = 0;
			knownRegions = (
				en,
				Base,
			);
			mainGroup = D8EDE2251E84002100FA02B9;
			productRefGroup = D8EDE22F1E84002200FA02B9 /* Products */;
			projectDirPath = "";
			projectRoot = "";
			targets = (
				D8EDE22D1E84002200FA02B9 /* PSTakeCareDemo */,
			);
		};
/* End PBXProject section */

/* Begin PBXResourcesBuildPhase section */
		D8EDE22C1E84002200FA02B9 /* Resources */ = {
			isa = PBXResourcesBuildPhase;
			buildActionMask = 2147483647;
			files = (
				D8B892701E8403200097709C /* CountryInfoTableViewCell.xib in Resources */,
				D8EDE23F1E84002200FA02B9 /* LaunchScreen.storyboard in Resources */,
				D8EDE23C1E84002200FA02B9 /* Assets.xcassets in Resources */,
				D8EDE2371E84002200FA02B9 /* Main.storyboard in Resources */,
			);
			runOnlyForDeploymentPostprocessing = 0;
		};
/* End PBXResourcesBuildPhase section */

/* Begin PBXSourcesBuildPhase section */
		D8EDE22A1E84002200FA02B9 /* Sources */ = {
			isa = PBXSourcesBuildPhase;
			buildActionMask = 2147483647;
			files = (
				D8B892761E8403AD0097709C /* ViewController.swift in Sources */,
				D8EDE23A1E84002200FA02B9 /* PSTakeCareDemo.xcdatamodeld in Sources */,
				D8B8926F1E8403200097709C /* CountryInfoTableViewCell.swift in Sources */,
				D8B8926B1E8402B90097709C /* PSView.swift in Sources */,
				D8B8927A1E8404360097709C /* RequestManager.swift in Sources */,
				D8B892781E8403BD0097709C /* Country.swift in Sources */,
				D8EDE2321E84002200FA02B9 /* AppDelegate.swift in Sources */,
			);
			runOnlyForDeploymentPostprocessing = 0;
		};
/* End PBXSourcesBuildPhase section */

/* Begin PBXVariantGroup section */
		D8EDE2351E84002200FA02B9 /* Main.storyboard */ = {
			isa = PBXVariantGroup;
			children = (
				D8EDE2361E84002200FA02B9 /* Base */,
			);
			name = Main.storyboard;
			sourceTree = "<group>";
		};
		D8EDE23D1E84002200FA02B9 /* LaunchScreen.storyboard */ = {
			isa = PBXVariantGroup;
			children = (
				D8EDE23E1E84002200FA02B9 /* Base */,
			);
			name = LaunchScreen.storyboard;
			sourceTree = "<group>";
		};
/* End PBXVariantGroup section */

/* Begin XCBuildConfiguration section */
		D8EDE2411E84002200FA02B9 /* Debug */ = {
			isa = XCBuildConfiguration;
			buildSettings = {
				ALWAYS_SEARCH_USER_PATHS = NO;
				CLANG_ANALYZER_NONNULL = YES;
				CLANG_CXX_LANGUAGE_STANDARD = "gnu++0x";
				CLANG_CXX_LIBRARY = "libc++";
				CLANG_ENABLE_MODULES = YES;
				CLANG_ENABLE_OBJC_ARC = YES;
				CLANG_WARN_BOOL_CONVERSION = YES;
				CLANG_WARN_CONSTANT_CONVERSION = YES;
				CLANG_WARN_DIRECT_OBJC_ISA_USAGE = YES_ERROR;
				CLANG_WARN_EMPTY_BODY = YES;
				CLANG_WARN_ENUM_CONVERSION = YES;
				CLANG_WARN_INT_CONVERSION = YES;
				CLANG_WARN_OBJC_ROOT_CLASS = YES_ERROR;
				CLANG_WARN_UNREACHABLE_CODE = YES;
				CLANG_WARN__DUPLICATE_METHOD_MATCH = YES;
				"CODE_SIGN_IDENTITY[sdk=iphoneos*]" = "iPhone Developer";
				COPY_PHASE_STRIP = NO;
				DEBUG_INFORMATION_FORMAT = dwarf;
				ENABLE_STRICT_OBJC_MSGSEND = YES;
				ENABLE_TESTABILITY = YES;
				GCC_C_LANGUAGE_STANDARD = gnu99;
				GCC_DYNAMIC_NO_PIC = NO;
				GCC_NO_COMMON_BLOCKS = YES;
				GCC_OPTIMIZATION_LEVEL = 0;
				GCC_PREPROCESSOR_DEFINITIONS = (
					"DEBUG=1",
					"$(inherited)",
				);
				GCC_WARN_64_TO_32_BIT_CONVERSION = YES;
				GCC_WARN_ABOUT_RETURN_TYPE = YES_ERROR;
				GCC_WARN_UNDECLARED_SELECTOR = YES;
				GCC_WARN_UNINITIALIZED_AUTOS = YES_AGGRESSIVE;
				GCC_WARN_UNUSED_FUNCTION = YES;
				GCC_WARN_UNUSED_VARIABLE = YES;
				IPHONEOS_DEPLOYMENT_TARGET = 9.3;
				MTL_ENABLE_DEBUG_INFO = YES;
				ONLY_ACTIVE_ARCH = YES;
				SDKROOT = iphoneos;
				SWIFT_OPTIMIZATION_LEVEL = "-Onone";
			};
			name = Debug;
		};
		D8EDE2421E84002200FA02B9 /* Release */ = {
			isa = XCBuildConfiguration;
			buildSettings = {
				ALWAYS_SEARCH_USER_PATHS = NO;
				CLANG_ANALYZER_NONNULL = YES;
				CLANG_CXX_LANGUAGE_STANDARD = "gnu++0x";
				CLANG_CXX_LIBRARY = "libc++";
				CLANG_ENABLE_MODULES = YES;
				CLANG_ENABLE_OBJC_ARC = YES;
				CLANG_WARN_BOOL_CONVERSION = YES;
				CLANG_WARN_CONSTANT_CONVERSION = YES;
				CLANG_WARN_DIRECT_OBJC_ISA_USAGE = YES_ERROR;
				CLANG_WARN_EMPTY_BODY = YES;
				CLANG_WARN_ENUM_CONVERSION = YES;
				CLANG_WARN_INT_CONVERSION = YES;
				CLANG_WARN_OBJC_ROOT_CLASS = YES_ERROR;
				CLANG_WARN_UNREACHABLE_CODE = YES;
				CLANG_WARN__DUPLICATE_METHOD_MATCH = YES;
				"CODE_SIGN_IDENTITY[sdk=iphoneos*]" = "iPhone Developer";
				COPY_PHASE_STRIP = NO;
				DEBUG_INFORMATION_FORMAT = "dwarf-with-dsym";
				ENABLE_NS_ASSERTIONS = NO;
				ENABLE_STRICT_OBJC_MSGSEND = YES;
				GCC_C_LANGUAGE_STANDARD = gnu99;
				GCC_NO_COMMON_BLOCKS = YES;
				GCC_WARN_64_TO_32_BIT_CONVERSION = YES;
				GCC_WARN_ABOUT_RETURN_TYPE = YES_ERROR;
				GCC_WARN_UNDECLARED_SELECTOR = YES;
				GCC_WARN_UNINITIALIZED_AUTOS = YES_AGGRESSIVE;
				GCC_WARN_UNUSED_FUNCTION = YES;
				GCC_WARN_UNUSED_VARIABLE = YES;
				IPHONEOS_DEPLOYMENT_TARGET = 9.3;
				MTL_ENABLE_DEBUG_INFO = NO;
				SDKROOT = iphoneos;
				VALIDATE_PRODUCT = YES;
			};
			name = Release;
		};
		D8EDE2441E84002200FA02B9 /* Debug */ = {
			isa = XCBuildConfiguration;
			buildSettings = {
				ASSETCATALOG_COMPILER_APPICON_NAME = AppIcon;
				INFOPLIST_FILE = PSTakeCareDemo/Info.plist;
				LD_RUNPATH_SEARCH_PATHS = "$(inherited) @executable_path/Frameworks";
				PRODUCT_BUNDLE_IDENTIFIER = com.pstakecare.PSTakeCareDemo;
				PRODUCT_NAME = "$(TARGET_NAME)";
			};
			name = Debug;
		};
		D8EDE2451E84002200FA02B9 /* Release */ = {
			isa = XCBuildConfiguration;
			buildSettings = {
				ASSETCATALOG_COMPILER_APPICON_NAME = AppIcon;
				INFOPLIST_FILE = PSTakeCareDemo/Info.plist;
				LD_RUNPATH_SEARCH_PATHS = "$(inherited) @executable_path/Frameworks";
				PRODUCT_BUNDLE_IDENTIFIER = com.pstakecare.PSTakeCareDemo;
				PRODUCT_NAME = "$(TARGET_NAME)";
			};
			name = Release;
		};
/* End XCBuildConfiguration section */

/* Begin XCConfigurationList section */
		D8EDE2291E84002100FA02B9 /* Build configuration list for PBXProject "PSTakeCareDemo" */ = {
			isa = XCConfigurationList;
			buildConfigurations = (
				D8EDE2411E84002200FA02B9 /* Debug */,
				D8EDE2421E84002200FA02B9 /* Release */,
			);
			defaultConfigurationIsVisible = 0;
			defaultConfigurationName = Release;
		};
		D8EDE2431E84002200FA02B9 /* Build configuration list for PBXNativeTarget "PSTakeCareDemo" */ = {
			isa = XCConfigurationList;
			buildConfigurations = (
				D8EDE2441E84002200FA02B9 /* Debug */,
				D8EDE2451E84002200FA02B9 /* Release */,
			);
			defaultConfigurationIsVisible = 0;
			defaultConfigurationName = Release;
		};
/* End XCConfigurationList section */

/* Begin XCVersionGroup section */
		D8EDE2381E84002200FA02B9 /* PSTakeCareDemo.xcdatamodeld */ = {
			isa = XCVersionGroup;
			children = (
				D8EDE2391E84002200FA02B9 /* PSTakeCareDemo.xcdatamodel */,
			);
			currentVersion = D8EDE2391E84002200FA02B9 /* PSTakeCareDemo.xcdatamodel */;
			path = PSTakeCareDemo.xcdatamodeld;
			sourceTree = "<group>";
			versionGroupType = wrapper.xcdatamodel;
		};
/* End XCVersionGroup section */
	};
	rootObject = D8EDE2261E84002100FA02B9 /* Project object */;
}
